
Microsoft Visual Studio Solution File, Format Version 12.00
# Visual Studio Version 16
VisualStudioVersion = 16.0.31515.178
MinimumVisualStudioVersion = 10.0.40219.1
Project("{FAE04EC0-301F-11D3-BF4B-00C04F79EFBC}") = "PersonalTaskManager", "PersonalTaskManager.csproj", "{A7B8C059-100A-4AE8-ADB7-235659E1FD4D}"
EndProject
Global
	GlobalSection(SolutionConfigurationPlatforms) = preSolution
		Debug|Any CPU = Debug|Any CPU
		Release|Any CPU = Release|Any CPU
	EndGlobalSection
	GlobalSection(ProjectConfigurationPlatforms) = postSolution
		{A7B8C059-100A-4AE8-ADB7-235659E1FD4D}.Debug|Any CPU.ActiveCfg = Debug|Any CPU
		{A7B8C059-100A-4AE8-ADB7-235659E1FD4D}.Debug|Any CPU.Build.0 = Debug|Any CPU
		{A7B8C059-100A-4AE8-ADB7-235659E1FD4D}.Release|Any CPU.ActiveCfg = Release|Any CPU
		{A7B8C059-100A-4AE8-ADB7-235659E1FD4D}.Release|Any CPU.Build.0 = Release|Any CPU
	EndGlobalSection
	GlobalSection(SolutionProperties) = preSolution
		HideSolutionNode = FALSE
	EndGlobalSection
	GlobalSection(ExtensibilityGlobals) = postSolution
		SolutionGuid = {1B9DC718-64F0-4634-A991-0539E10134F8}
	EndGlobalSection
EndGlobal
